
Microsoft Visual Studio Solution File, Format Version 12.00
# Visual Studio Version 17
VisualStudioVersion = 17.3.32811.315
MinimumVisualStudioVersion = 10.0.40219.1
Project("{FAE04EC0-301F-11D3-BF4B-00C04F79EFBC}") = "Exercise002", "Exercise002\Exercise002.csproj", "{E04EE0D1-2846-46FA-94FE-2A1862BF5A58}"
EndProject
Global
	GlobalSection(SolutionConfigurationPlatforms) = preSolution
		Debug|Any CPU = Debug|Any CPU
		Release|Any CPU = Release|Any CPU
	EndGlobalSection
	GlobalSection(ProjectConfigurationPlatforms) = postSolution
		{E04EE0D1-2846-46FA-94FE-2A1862BF5A58}.Debug|Any CPU.ActiveCfg = Debug|Any CPU
		{E04EE0D1-2846-46FA-94FE-2A1862BF5A58}.Debug|Any CPU.Build.0 = Debug|Any CPU
		{E04EE0D1-2846-46FA-94FE-2A1862BF5A58}.Release|Any CPU.ActiveCfg = Release|Any CPU
		{E04EE0D1-2846-46FA-94FE-2A1862BF5A58}.Release|Any CPU.Build.0 = Release|Any CPU
	EndGlobalSection
	GlobalSection(SolutionProperties) = preSolution
		HideSolutionNode = FALSE
	EndGlobalSection
	GlobalSection(ExtensibilityGlobals) = postSolution
		SolutionGuid = {F111FAA6-ECEA-45BC-A654-C0DF2264D7EC}
	EndGlobalSection
EndGlobal
